
Microsoft Visual Studio Solution File, Format Version 12.00
# Visual Studio Version 16
VisualStudioVersion = 16.0.29326.143
MinimumVisualStudioVersion = 10.0.40219.1
Project("{9A19103F-16F7-4668-BE54-9A1E7A4F7556}") = "ChatApp-API", "ChatApp-API.csproj", "{7F6EA186-50A0-4FAE-88B4-54CF2BA43326}"
EndProject
Global
	GlobalSection(SolutionConfigurationPlatforms) = preSolution
		Debug|Any CPU = Debug|Any CPU
		Release|Any CPU = Release|Any CPU
	EndGlobalSection
	GlobalSection(ProjectConfigurationPlatforms) = postSolution
		{7F6EA186-50A0-4FAE-88B4-54CF2BA43326}.Debug|Any CPU.ActiveCfg = Debug|Any CPU
		{7F6EA186-50A0-4FAE-88B4-54CF2BA43326}.Debug|Any CPU.Build.0 = Debug|Any CPU
		{7F6EA186-50A0-4FAE-88B4-54CF2BA43326}.Release|Any CPU.ActiveCfg = Release|Any CPU
		{7F6EA186-50A0-4FAE-88B4-54CF2BA43326}.Release|Any CPU.Build.0 = Release|Any CPU
	EndGlobalSection
	GlobalSection(SolutionProperties) = preSolution
		HideSolutionNode = FALSE
	EndGlobalSection
	GlobalSection(ExtensibilityGlobals) = postSolution
		SolutionGuid = {57E8C1C1-49E3-434B-9BF1-9A3CCEE2909E}
	EndGlobalSection
EndGlobal
